# @generated by Move, please check-in and do not edit manually.

[move]
version = 0
manifest_digest = "EDE5ED08826996970CCDC67BC05C34B17777640AB23B7BDC426AE1490A518E32"
deps_digest = "F8BBB0CCB2491CA29A3DF03D6F92277A4F3574266507ACD77214D37ECA3F3082"

dependencies = [
  { name = "Sui" },
]

[[move.package]]
name = "MoveStdlib"
source = { git = "https://github.com/MystenLabs/sui.git", rev = "testnet-v1.23.0", subdir = "crates/sui-framework/packages/move-stdlib" }

[[move.package]]
name = "Sui"
source = { git = "https://github.com/MystenLabs/sui.git", rev = "testnet-v1.23.0", subdir = "crates/sui-framework/packages/sui-framework" }

dependencies = [
  { name = "MoveStdlib" },
]

[move.toolchain-version]
compiler-version = "1.23.0"
edition = "legacy"
flavor = "sui"

[env]

[env.devnet]
chain-id = "a96e98d2"
original-published-id = "0x641af6b5821077afcd5656e577a3ea479dbca3ea78ce665f667a5cf3cf713072"
latest-published-id = "0x641af6b5821077afcd5656e577a3ea479dbca3ea78ce665f667a5cf3cf713072"
published-version = "1"
